// !$*UTF8*$!
{
	archiveVersion = 1;
	classes = {
	};
	objectVersion = 50;
	objects = {

/* Begin PBXBuildFile section */
		B4CEF65225509F7A00ECD01D /* AppDelegate.swift in Sources */ = {isa = PBXBuildFile; fileRef = B4CEF65125509F7A00ECD01D /* AppDelegate.swift */; };
		B4CEF65425509F7A00ECD01D /* SceneDelegate.swift in Sources */ = {isa = PBXBuildFile; fileRef = B4CEF65325509F7A00ECD01D /* SceneDelegate.swift */; };
		B4CEF65625509F7A00ECD01D /* ViewController.swift in Sources */ = {isa = PBXBuildFile; fileRef = B4CEF65525509F7A00ECD01D /* ViewController.swift */; };
		B4CEF65925509F7A00ECD01D /* Main.storyboard in Resources */ = {isa = PBXBuildFile; fileRef = B4CEF65725509F7A00ECD01D /* Main.storyboard */; };
		B4CEF65B25509F7D00ECD01D /* Assets.xcassets in Resources */ = {isa = PBXBuildFile; fileRef = B4CEF65A25509F7D00ECD01D /* Assets.xcassets */; };
		B4CEF65E25509F7D00ECD01D /* LaunchScreen.storyboard in Resources */ = {isa = PBXBuildFile; fileRef = B4CEF65C25509F7D00ECD01D /* LaunchScreen.storyboard */; };
		B4CEF66925509F7D00ECD01D /* InstaCloneTests.swift in Sources */ = {isa = PBXBuildFile; fileRef = B4CEF66825509F7D00ECD01D /* InstaCloneTests.swift */; };
		B4CEF67425509F7D00ECD01D /* InstaCloneUITests.swift in Sources */ = {isa = PBXBuildFile; fileRef = B4CEF67325509F7D00ECD01D /* InstaCloneUITests.swift */; };
/* End PBXBuildFile section */

/* Begin PBXContainerItemProxy section */
		B4CEF66525509F7D00ECD01D /* PBXContainerItemProxy */ = {
			isa = PBXContainerItemProxy;
			containerPortal = B4CEF64625509F7A00ECD01D /* Project object */;
			proxyType = 1;
			remoteGlobalIDString = B4CEF64D25509F7A00ECD01D;
			remoteInfo = InstaClone;
		};
		B4CEF67025509F7D00ECD01D /* PBXContainerItemProxy */ = {
			isa = PBXContainerItemProxy;
			containerPortal = B4CEF64625509F7A00ECD01D /* Project object */;
			proxyType = 1;
			remoteGlobalIDString = B4CEF64D25509F7A00ECD01D;
			remoteInfo = InstaClone;
		};
/* End PBXContainerItemProxy section */

/* Begin PBXFileReference section */
		B4CEF64E25509F7A00ECD01D /* InstaClone.app */ = {isa = PBXFileReference; explicitFileType = wrapper.application; includeInIndex = 0; path = InstaClone.app; sourceTree = BUILT_PRODUCTS_DIR; };
		B4CEF65125509F7A00ECD01D /* AppDelegate.swift */ = {isa = PBXFileReference; lastKnownFileType = sourcecode.swift; path = AppDelegate.swift; sourceTree = "<group>"; };
		B4CEF65325509F7A00ECD01D /* SceneDelegate.swift */ = {isa = PBXFileReference; lastKnownFileType = sourcecode.swift; path = SceneDelegate.swift; sourceTree = "<group>"; };
		B4CEF65525509F7A00ECD01D /* ViewController.swift */ = {isa = PBXFileReference; lastKnownFileType = sourcecode.swift; path = ViewController.swift; sourceTree = "<group>"; };
		B4CEF65825509F7A00ECD01D /* Base */ = {isa = PBXFileReference; lastKnownFileType = file.storyboard; name = Base; path = Base.lproj/Main.storyboard; sourceTree = "<group>"; };
		B4CEF65A25509F7D00ECD01D /* Assets.xcassets */ = {isa = PBXFileReference; lastKnownFileType = folder.assetcatalog; path = Assets.xcassets; sourceTree = "<group>"; };
		B4CEF65D25509F7D00ECD01D /* Base */ = {isa = PBXFileReference; lastKnownFileType = file.storyboard; name = Base; path = Base.lproj/LaunchScreen.storyboard; sourceTree = "<group>"; };
		B4CEF65F25509F7D00ECD01D /* Info.plist */ = {isa = PBXFileReference; lastKnownFileType = text.plist.xml; path = Info.plist; sourceTree = "<group>"; };
		B4CEF66425509F7D00ECD01D /* InstaCloneTests.xctest */ = {isa = PBXFileReference; explicitFileType = wrapper.cfbundle; includeInIndex = 0; path = InstaCloneTests.xctest; sourceTree = BUILT_PRODUCTS_DIR; };
		B4CEF66825509F7D00ECD01D /* InstaCloneTests.swift */ = {isa = PBXFileReference; lastKnownFileType = sourcecode.swift; path = InstaCloneTests.swift; sourceTree = "<group>"; };
		B4CEF66A25509F7D00ECD01D /* Info.plist */ = {isa = PBXFileReference; lastKnownFileType = text.plist.xml; path = Info.plist; sourceTree = "<group>"; };
		B4CEF66F25509F7D00ECD01D /* InstaCloneUITests.xctest */ = {isa = PBXFileReference; explicitFileType = wrapper.cfbundle; includeInIndex = 0; path = InstaCloneUITests.xctest; sourceTree = BUILT_PRODUCTS_DIR; };
		B4CEF67325509F7D00ECD01D /* InstaCloneUITests.swift */ = {isa = PBXFileReference; lastKnownFileType = sourcecode.swift; path = InstaCloneUITests.swift; sourceTree = "<group>"; };
		B4CEF67525509F7D00ECD01D /* Info.plist */ = {isa = PBXFileReference; lastKnownFileType = text.plist.xml; path = Info.plist; sourceTree = "<group>"; };
/* End PBXFileReference section */

/* Begin PBXFrameworksBuildPhase section */
		B4CEF64B25509F7A00ECD01D /* Frameworks */ = {
			isa = PBXFrameworksBuildPhase;
			buildActionMask = 2147483647;
			files = (
			);
			runOnlyForDeploymentPostprocessing = 0;
		};
		B4CEF66125509F7D00ECD01D /* Frameworks */ = {
			isa = PBXFrameworksBuildPhase;
			buildActionMask = 2147483647;
			files = (
			);
			runOnlyForDeploymentPostprocessing = 0;
		};
		B4CEF66C25509F7D00ECD01D /* Frameworks */ = {
			isa = PBXFrameworksBuildPhase;
			buildActionMask = 2147483647;
			files = (
			);
			runOnlyForDeploymentPostprocessing = 0;
		};
/* End PBXFrameworksBuildPhase section */

/* Begin PBXGroup section */
		B4CEF64525509F7A00ECD01D = {
			isa = PBXGroup;
			children = (
				B4CEF65025509F7A00ECD01D /* InstaClone */,
				B4CEF66725509F7D00ECD01D /* InstaCloneTests */,
				B4CEF67225509F7D00ECD01D /* InstaCloneUITests */,
				B4CEF64F25509F7A00ECD01D /* Products */,
			);
			sourceTree = "<group>";
		};
		B4CEF64F25509F7A00ECD01D /* Products */ = {
			isa = PBXGroup;
			children = (
				B4CEF64E25509F7A00ECD01D /* InstaClone.app */,
				B4CEF66425509F7D00ECD01D /* InstaCloneTests.xctest */,
				B4CEF66F25509F7D00ECD01D /* InstaCloneUITests.xctest */,
			);
			name = Products;
			sourceTree = "<group>";
		};
		B4CEF65025509F7A00ECD01D /* InstaClone */ = {
			isa = PBXGroup;
			children = (
				B4CEF65125509F7A00ECD01D /* AppDelegate.swift */,
				B4CEF65325509F7A00ECD01D /* SceneDelegate.swift */,
				B4CEF65525509F7A00ECD01D /* ViewController.swift */,
				B4CEF65725509F7A00ECD01D /* Main.storyboard */,
				B4CEF65A25509F7D00ECD01D /* Assets.xcassets */,
				B4CEF65C25509F7D00ECD01D /* LaunchScreen.storyboard */,
				B4CEF65F25509F7D00ECD01D /* Info.plist */,
			);
			path = InstaClone;
			sourceTree = "<group>";
		};
		B4CEF66725509F7D00ECD01D /* InstaCloneTests */ = {
			isa = PBXGroup;
			children = (
				B4CEF66825509F7D00ECD01D /* InstaCloneTests.swift */,
				B4CEF66A25509F7D00ECD01D /* Info.plist */,
			);
			path = InstaCloneTests;
			sourceTree = "<group>";
		};
		B4CEF67225509F7D00ECD01D /* InstaCloneUITests */ = {
			isa = PBXGroup;
			children = (
				B4CEF67325509F7D00ECD01D /* InstaCloneUITests.swift */,
				B4CEF67525509F7D00ECD01D /* Info.plist */,
			);
			path = InstaCloneUITests;
			sourceTree = "<group>";
		};
/* End PBXGroup section */

/* Begin PBXNativeTarget section */
		B4CEF64D25509F7A00ECD01D /* InstaClone */ = {
			isa = PBXNativeTarget;
			buildConfigurationList = B4CEF67825509F7D00ECD01D /* Build configuration list for PBXNativeTarget "InstaClone" */;
			buildPhases = (
				B4CEF64A25509F7A00ECD01D /* Sources */,
				B4CEF64B25509F7A00ECD01D /* Frameworks */,
				B4CEF64C25509F7A00ECD01D /* Resources */,
			);
			buildRules = (
			);
			dependencies = (
			);
			name = InstaClone;
			productName = InstaClone;
			productReference = B4CEF64E25509F7A00ECD01D /* InstaClone.app */;
			productType = "com.apple.product-type.application";
		};
		B4CEF66325509F7D00ECD01D /* InstaCloneTests */ = {
			isa = PBXNativeTarget;
			buildConfigurationList = B4CEF67B25509F7D00ECD01D /* Build configuration list for PBXNativeTarget "InstaCloneTests" */;
			buildPhases = (
				B4CEF66025509F7D00ECD01D /* Sources */,
				B4CEF66125509F7D00ECD01D /* Frameworks */,
				B4CEF66225509F7D00ECD01D /* Resources */,
			);
			buildRules = (
			);
			dependencies = (
				B4CEF66625509F7D00ECD01D /* PBXTargetDependency */,
			);
			name = InstaCloneTests;
			productName = InstaCloneTests;
			productReference = B4CEF66425509F7D00ECD01D /* InstaCloneTests.xctest */;
			productType = "com.apple.product-type.bundle.unit-test";
		};
		B4CEF66E25509F7D00ECD01D /* InstaCloneUITests */ = {
			isa = PBXNativeTarget;
			buildConfigurationList = B4CEF67E25509F7D00ECD01D /* Build configuration list for PBXNativeTarget "InstaCloneUITests" */;
			buildPhases = (
				B4CEF66B25509F7D00ECD01D /* Sources */,
				B4CEF66C25509F7D00ECD01D /* Frameworks */,
				B4CEF66D25509F7D00ECD01D /* Resources */,
			);
			buildRules = (
			);
			dependencies = (
				B4CEF67125509F7D00ECD01D /* PBXTargetDependency */,
			);
			name = InstaCloneUITests;
			productName = InstaCloneUITests;
			productReference = B4CEF66F25509F7D00ECD01D /* InstaCloneUITests.xctest */;
			productType = "com.apple.product-type.bundle.ui-testing";
		};
/* End PBXNativeTarget section */

/* Begin PBXProject section */
		B4CEF64625509F7A00ECD01D /* Project object */ = {
			isa = PBXProject;
			attributes = {
				LastSwiftUpdateCheck = 1210;
				LastUpgradeCheck = 1210;
				TargetAttributes = {
					B4CEF64D25509F7A00ECD01D = {
						CreatedOnToolsVersion = 12.1;
					};
					B4CEF66325509F7D00ECD01D = {
						CreatedOnToolsVersion = 12.1;
						TestTargetID = B4CEF64D25509F7A00ECD01D;
					};
					B4CEF66E25509F7D00ECD01D = {
						CreatedOnToolsVersion = 12.1;
						TestTargetID = B4CEF64D25509F7A00ECD01D;
					};
				};
			};
			buildConfigurationList = B4CEF64925509F7A00ECD01D /* Build configuration list for PBXProject "InstaClone" */;
			compatibilityVersion = "Xcode 9.3";
			developmentRegion = en;
			hasScannedForEncodings = 0;
			knownRegions = (
				en,
				Base,
			);
			mainGroup = B4CEF64525509F7A00ECD01D;
			productRefGroup = B4CEF64F25509F7A00ECD01D /* Products */;
			projectDirPath = "";
			projectRoot = "";
			targets = (
				B4CEF64D25509F7A00ECD01D /* InstaClone */,
				B4CEF66325509F7D00ECD01D /* InstaCloneTests */,
				B4CEF66E25509F7D00ECD01D /* InstaCloneUITests */,
			);
		};
/* End PBXProject section */

/* Begin PBXResourcesBuildPhase section */
		B4CEF64C25509F7A00ECD01D /* Resources */ = {
			isa = PBXResourcesBuildPhase;
			buildActionMask = 2147483647;
			files = (
				B4CEF65E25509F7D00ECD01D /* LaunchScreen.storyboard in Resources */,
				B4CEF65B25509F7D00ECD01D /* Assets.xcassets in Resources */,
				B4CEF65925509F7A00ECD01D /* Main.storyboard in Resources */,
			);
			runOnlyForDeploymentPostprocessing = 0;
		};
		B4CEF66225509F7D00ECD01D /* Resources */ = {
			isa = PBXResourcesBuildPhase;
			buildActionMask = 2147483647;
			files = (
			);
			runOnlyForDeploymentPostprocessing = 0;
		};
		B4CEF66D25509F7D00ECD01D /* Resources */ = {
			isa = PBXResourcesBuildPhase;
			buildActionMask = 2147483647;
			files = (
			);
			runOnlyForDeploymentPostprocessing = 0;
		};
/* End PBXResourcesBuildPhase section */

/* Begin PBXSourcesBuildPhase section */
		B4CEF64A25509F7A00ECD01D /* Sources */ = {
			isa = PBXSourcesBuildPhase;
			buildActionMask = 2147483647;
			files = (
				B4CEF65625509F7A00ECD01D /* ViewController.swift in Sources */,
				B4CEF65225509F7A00ECD01D /* AppDelegate.swift in Sources */,
				B4CEF65425509F7A00ECD01D /* SceneDelegate.swift in Sources */,
			);
			runOnlyForDeploymentPostprocessing = 0;
		};
		B4CEF66025509F7D00ECD01D /* Sources */ = {
			isa = PBXSourcesBuildPhase;
			buildActionMask = 2147483647;
			files = (
				B4CEF66925509F7D00ECD01D /* InstaCloneTests.swift in Sources */,
			);
			runOnlyForDeploymentPostprocessing = 0;
		};
		B4CEF66B25509F7D00ECD01D /* Sources */ = {
			isa = PBXSourcesBuildPhase;
			buildActionMask = 2147483647;
			files = (
				B4CEF67425509F7D00ECD01D /* InstaCloneUITests.swift in Sources */,
			);
			runOnlyForDeploymentPostprocessing = 0;
		};
/* End PBXSourcesBuildPhase section */

/* Begin PBXTargetDependency section */
		B4CEF66625509F7D00ECD01D /* PBXTargetDependency */ = {
			isa = PBXTargetDependency;
			target = B4CEF64D25509F7A00ECD01D /* InstaClone */;
			targetProxy = B4CEF66525509F7D00ECD01D /* PBXContainerItemProxy */;
		};
		B4CEF67125509F7D00ECD01D /* PBXTargetDependency */ = {
			isa = PBXTargetDependency;
			target = B4CEF64D25509F7A00ECD01D /* InstaClone */;
			targetProxy = B4CEF67025509F7D00ECD01D /* PBXContainerItemProxy */;
		};
/* End PBXTargetDependency section */

/* Begin PBXVariantGroup section */
		B4CEF65725509F7A00ECD01D /* Main.storyboard */ = {
			isa = PBXVariantGroup;
			children = (
				B4CEF65825509F7A00ECD01D /* Base */,
			);
			name = Main.storyboard;
			sourceTree = "<group>";
		};
		B4CEF65C25509F7D00ECD01D /* LaunchScreen.storyboard */ = {
			isa = PBXVariantGroup;
			children = (
				B4CEF65D25509F7D00ECD01D /* Base */,
			);
			name = LaunchScreen.storyboard;
			sourceTree = "<group>";
		};
/* End PBXVariantGroup section */

/* Begin XCBuildConfiguration section */
		B4CEF67625509F7D00ECD01D /* Debug */ = {
			isa = XCBuildConfiguration;
			buildSettings = {
				ALWAYS_SEARCH_USER_PATHS = NO;
				CLANG_ANALYZER_NONNULL = YES;
				CLANG_ANALYZER_NUMBER_OBJECT_CONVERSION = YES_AGGRESSIVE;
				CLANG_CXX_LANGUAGE_STANDARD = "gnu++14";
				CLANG_CXX_LIBRARY = "libc++";
				CLANG_ENABLE_MODULES = YES;
				CLANG_ENABLE_OBJC_ARC = YES;
				CLANG_ENABLE_OBJC_WEAK = YES;
				CLANG_WARN_BLOCK_CAPTURE_AUTORELEASING = YES;
				CLANG_WARN_BOOL_CONVERSION = YES;
				CLANG_WARN_COMMA = YES;
				CLANG_WARN_CONSTANT_CONVERSION = YES;
				CLANG_WARN_DEPRECATED_OBJC_IMPLEMENTATIONS = YES;
				CLANG_WARN_DIRECT_OBJC_ISA_USAGE = YES_ERROR;
				CLANG_WARN_DOCUMENTATION_COMMENTS = YES;
				CLANG_WARN_EMPTY_BODY = YES;
				CLANG_WARN_ENUM_CONVERSION = YES;
				CLANG_WARN_INFINITE_RECURSION = YES;
				CLANG_WARN_INT_CONVERSION = YES;
				CLANG_WARN_NON_LITERAL_NULL_CONVERSION = YES;
				CLANG_WARN_OBJC_IMPLICIT_RETAIN_SELF = YES;
				CLANG_WARN_OBJC_LITERAL_CONVERSION = YES;
				CLANG_WARN_OBJC_ROOT_CLASS = YES_ERROR;
				CLANG_WARN_QUOTED_INCLUDE_IN_FRAMEWORK_HEADER = YES;
				CLANG_WARN_RANGE_LOOP_ANALYSIS = YES;
				CLANG_WARN_STRICT_PROTOTYPES = YES;
				CLANG_WARN_SUSPICIOUS_MOVE = YES;
				CLANG_WARN_UNGUARDED_AVAILABILITY = YES_AGGRESSIVE;
				CLANG_WARN_UNREACHABLE_CODE = YES;
				CLANG_WARN__DUPLICATE_METHOD_MATCH = YES;
				COPY_PHASE_STRIP = NO;
				DEBUG_INFORMATION_FORMAT = dwarf;
				ENABLE_STRICT_OBJC_MSGSEND = YES;
				ENABLE_TESTABILITY = YES;
				GCC_C_LANGUAGE_STANDARD = gnu11;
				GCC_DYNAMIC_NO_PIC = NO;
				GCC_NO_COMMON_BLOCKS = YES;
				GCC_OPTIMIZATION_LEVEL = 0;
				GCC_PREPROCESSOR_DEFINITIONS = (
					"DEBUG=1",
					"$(inherited)",
				);
				GCC_WARN_64_TO_32_BIT_CONVERSION = YES;
				GCC_WARN_ABOUT_RETURN_TYPE = YES_ERROR;
				GCC_WARN_UNDECLARED_SELECTOR = YES;
				GCC_WARN_UNINITIALIZED_AUTOS = YES_AGGRESSIVE;
				GCC_WARN_UNUSED_FUNCTION = YES;
				GCC_WARN_UNUSED_VARIABLE = YES;
				IPHONEOS_DEPLOYMENT_TARGET = 14.1;
				MTL_ENABLE_DEBUG_INFO = INCLUDE_SOURCE;
				MTL_FAST_MATH = YES;
				ONLY_ACTIVE_ARCH = YES;
				SDKROOT = iphoneos;
				SWIFT_ACTIVE_COMPILATION_CONDITIONS = DEBUG;
				SWIFT_OPTIMIZATION_LEVEL = "-Onone";
			};
			name = Debug;
		};
		B4CEF67725509F7D00ECD01D /* Release */ = {
			isa = XCBuildConfiguration;
			buildSettings = {
				ALWAYS_SEARCH_USER_PATHS = NO;
				CLANG_ANALYZER_NONNULL = YES;
				CLANG_ANALYZER_NUMBER_OBJECT_CONVERSION = YES_AGGRESSIVE;
				CLANG_CXX_LANGUAGE_STANDARD = "gnu++14";
				CLANG_CXX_LIBRARY = "libc++";
				CLANG_ENABLE_MODULES = YES;
				CLANG_ENABLE_OBJC_ARC = YES;
				CLANG_ENABLE_OBJC_WEAK = YES;
				CLANG_WARN_BLOCK_CAPTURE_AUTORELEASING = YES;
				CLANG_WARN_BOOL_CONVERSION = YES;
				CLANG_WARN_COMMA = YES;
				CLANG_WARN_CONSTANT_CONVERSION = YES;
				CLANG_WARN_DEPRECATED_OBJC_IMPLEMENTATIONS = YES;
				CLANG_WARN_DIRECT_OBJC_ISA_USAGE = YES_ERROR;
				CLANG_WARN_DOCUMENTATION_COMMENTS = YES;
				CLANG_WARN_EMPTY_BODY = YES;
				CLANG_WARN_ENUM_CONVERSION = YES;
				CLANG_WARN_INFINITE_RECURSION = YES;
				CLANG_WARN_INT_CONVERSION = YES;
				CLANG_WARN_NON_LITERAL_NULL_CONVERSION = YES;
				CLANG_WARN_OBJC_IMPLICIT_RETAIN_SELF = YES;
				CLANG_WARN_OBJC_LITERAL_CONVERSION = YES;
				CLANG_WARN_OBJC_ROOT_CLASS = YES_ERROR;
				CLANG_WARN_QUOTED_INCLUDE_IN_FRAMEWORK_HEADER = YES;
				CLANG_WARN_RANGE_LOOP_ANALYSIS = YES;
				CLANG_WARN_STRICT_PROTOTYPES = YES;
				CLANG_WARN_SUSPICIOUS_MOVE = YES;
				CLANG_WARN_UNGUARDED_AVAILABILITY = YES_AGGRESSIVE;
				CLANG_WARN_UNREACHABLE_CODE = YES;
				CLANG_WARN__DUPLICATE_METHOD_MATCH = YES;
				COPY_PHASE_STRIP = NO;
				DEBUG_INFORMATION_FORMAT = "dwarf-with-dsym";
				ENABLE_NS_ASSERTIONS = NO;
				ENABLE_STRICT_OBJC_MSGSEND = YES;
				GCC_C_LANGUAGE_STANDARD = gnu11;
				GCC_NO_COMMON_BLOCKS = YES;
				GCC_WARN_64_TO_32_BIT_CONVERSION = YES;
				GCC_WARN_ABOUT_RETURN_TYPE = YES_ERROR;
				GCC_WARN_UNDECLARED_SELECTOR = YES;
				GCC_WARN_UNINITIALIZED_AUTOS = YES_AGGRESSIVE;
				GCC_WARN_UNUSED_FUNCTION = YES;
				GCC_WARN_UNUSED_VARIABLE = YES;
				IPHONEOS_DEPLOYMENT_TARGET = 14.1;
				MTL_ENABLE_DEBUG_INFO = NO;
				MTL_FAST_MATH = YES;
				SDKROOT = iphoneos;
				SWIFT_COMPILATION_MODE = wholemodule;
				SWIFT_OPTIMIZATION_LEVEL = "-O";
				VALIDATE_PRODUCT = YES;
			};
			name = Release;
		};
		B4CEF67925509F7D00ECD01D /* Debug */ = {
			isa = XCBuildConfiguration;
			buildSettings = {
				ASSETCATALOG_COMPILER_APPICON_NAME = AppIcon;
				ASSETCATALOG_COMPILER_GLOBAL_ACCENT_COLOR_NAME = AccentColor;
				CODE_SIGN_STYLE = Automatic;
				DEVELOPMENT_TEAM = 7M226WNK72;
				INFOPLIST_FILE = InstaClone/Info.plist;
				LD_RUNPATH_SEARCH_PATHS = (
					"$(inherited)",
					"@executable_path/Frameworks",
				);
				PRODUCT_BUNDLE_IDENTIFIER = com.MuriTech.InstaClone;
				PRODUCT_NAME = "$(TARGET_NAME)";
				SWIFT_VERSION = 5.0;
				TARGETED_DEVICE_FAMILY = "1,2";
			};
			name = Debug;
		};
		B4CEF67A25509F7D00ECD01D /* Release */ = {
			isa = XCBuildConfiguration;
			buildSettings = {
				ASSETCATALOG_COMPILER_APPICON_NAME = AppIcon;
				ASSETCATALOG_COMPILER_GLOBAL_ACCENT_COLOR_NAME = AccentColor;
				CODE_SIGN_STYLE = Automatic;
				DEVELOPMENT_TEAM = 7M226WNK72;
				INFOPLIST_FILE = InstaClone/Info.plist;
				LD_RUNPATH_SEARCH_PATHS = (
					"$(inherited)",
					"@executable_path/Frameworks",
				);
				PRODUCT_BUNDLE_IDENTIFIER = com.MuriTech.InstaClone;
				PRODUCT_NAME = "$(TARGET_NAME)";
				SWIFT_VERSION = 5.0;
				TARGETED_DEVICE_FAMILY = "1,2";
			};
			name = Release;
		};
		B4CEF67C25509F7D00ECD01D /* Debug */ = {
			isa = XCBuildConfiguration;
			buildSettings = {
				ALWAYS_EMBED_SWIFT_STANDARD_LIBRARIES = YES;
				BUNDLE_LOADER = "$(TEST_HOST)";
				CODE_SIGN_STYLE = Automatic;
				DEVELOPMENT_TEAM = 7M226WNK72;
				INFOPLIST_FILE = InstaCloneTests/Info.plist;
				IPHONEOS_DEPLOYMENT_TARGET = 14.1;
				LD_RUNPATH_SEARCH_PATHS = (
					"$(inherited)",
					"@executable_path/Frameworks",
					"@loader_path/Frameworks",
				);
				PRODUCT_BUNDLE_IDENTIFIER = com.MuriTech.InstaCloneTests;
				PRODUCT_NAME = "$(TARGET_NAME)";
				SWIFT_VERSION = 5.0;
				TARGETED_DEVICE_FAMILY = "1,2";
				TEST_HOST = "$(BUILT_PRODUCTS_DIR)/InstaClone.app/InstaClone";
			};
			name = Debug;
		};
		B4CEF67D25509F7D00ECD01D /* Release */ = {
			isa = XCBuildConfiguration;
			buildSettings = {
				ALWAYS_EMBED_SWIFT_STANDARD_LIBRARIES = YES;
				BUNDLE_LOADER = "$(TEST_HOST)";
				CODE_SIGN_STYLE = Automatic;
				DEVELOPMENT_TEAM = 7M226WNK72;
				INFOPLIST_FILE = InstaCloneTests/Info.plist;
				IPHONEOS_DEPLOYMENT_TARGET = 14.1;
				LD_RUNPATH_SEARCH_PATHS = (
					"$(inherited)",
					"@executable_path/Frameworks",
					"@loader_path/Frameworks",
				);
				PRODUCT_BUNDLE_IDENTIFIER = com.MuriTech.InstaCloneTests;
				PRODUCT_NAME = "$(TARGET_NAME)";
				SWIFT_VERSION = 5.0;
				TARGETED_DEVICE_FAMILY = "1,2";
				TEST_HOST = "$(BUILT_PRODUCTS_DIR)/InstaClone.app/InstaClone";
			};
			name = Release;
		};
		B4CEF67F25509F7D00ECD01D /* Debug */ = {
			isa = XCBuildConfiguration;
			buildSettings = {
				ALWAYS_EMBED_SWIFT_STANDARD_LIBRARIES = YES;
				CODE_SIGN_STYLE = Automatic;
				DEVELOPMENT_TEAM = 7M226WNK72;
				INFOPLIST_FILE = InstaCloneUITests/Info.plist;
				LD_RUNPATH_SEARCH_PATHS = (
					"$(inherited)",
					"@executable_path/Frameworks",
					"@loader_path/Frameworks",
				);
				PRODUCT_BUNDLE_IDENTIFIER = com.MuriTech.InstaCloneUITests;
				PRODUCT_NAME = "$(TARGET_NAME)";
				SWIFT_VERSION = 5.0;
				TARGETED_DEVICE_FAMILY = "1,2";
				TEST_TARGET_NAME = InstaClone;
			};
			name = Debug;
		};
		B4CEF68025509F7D00ECD01D /* Release */ = {
			isa = XCBuildConfiguration;
			buildSettings = {
				ALWAYS_EMBED_SWIFT_STANDARD_LIBRARIES = YES;
				CODE_SIGN_STYLE = Automatic;
				DEVELOPMENT_TEAM = 7M226WNK72;
				INFOPLIST_FILE = InstaCloneUITests/Info.plist;
				LD_RUNPATH_SEARCH_PATHS = (
					"$(inherited)",
					"@executable_path/Frameworks",
					"@loader_path/Frameworks",
				);
				PRODUCT_BUNDLE_IDENTIFIER = com.MuriTech.InstaCloneUITests;
				PRODUCT_NAME = "$(TARGET_NAME)";
				SWIFT_VERSION = 5.0;
				TARGETED_DEVICE_FAMILY = "1,2";
				TEST_TARGET_NAME = InstaClone;
			};
			name = Release;
		};
/* End XCBuildConfiguration section */

/* Begin XCConfigurationList section */
		B4CEF64925509F7A00ECD01D /* Build configuration list for PBXProject "InstaClone" */ = {
			isa = XCConfigurationList;
			buildConfigurations = (
				B4CEF67625509F7D00ECD01D /* Debug */,
				B4CEF67725509F7D00ECD01D /* Release */,
			);
			defaultConfigurationIsVisible = 0;
			defaultConfigurationName = Release;
		};
		B4CEF67825509F7D00ECD01D /* Build configuration list for PBXNativeTarget "InstaClone" */ = {
			isa = XCConfigurationList;
			buildConfigurations = (
				B4CEF67925509F7D00ECD01D /* Debug */,
				B4CEF67A25509F7D00ECD01D /* Release */,
			);
			defaultConfigurationIsVisible = 0;
			defaultConfigurationName = Release;
		};
		B4CEF67B25509F7D00ECD01D /* Build configuration list for PBXNativeTarget "InstaCloneTests" */ = {
			isa = XCConfigurationList;
			buildConfigurations = (
				B4CEF67C25509F7D00ECD01D /* Debug */,
				B4CEF67D25509F7D00ECD01D /* Release */,
			);
			defaultConfigurationIsVisible = 0;
			defaultConfigurationName = Release;
		};
		B4CEF67E25509F7D00ECD01D /* Build configuration list for PBXNativeTarget "InstaCloneUITests" */ = {
			isa = XCConfigurationList;
			buildConfigurations = (
				B4CEF67F25509F7D00ECD01D /* Debug */,
				B4CEF68025509F7D00ECD01D /* Release */,
			);
			defaultConfigurationIsVisible = 0;
			defaultConfigurationName = Release;
		};
/* End XCConfigurationList section */
	};
	rootObject = B4CEF64625509F7A00ECD01D /* Project object */;
}
